{
    "name": "@minguyen68/node-red-contrib-tapo-local",
    "version": "0.2.0",
    "lockfileVersion": 3,
    "requires": true,
    "packages": {
        "": {
            "name": "@minguyen68/node-red-contrib-tapo-local",
            "version": "0.2.0",
            "license": "MIT",
            "engines": {
                "node": ">=14"
            }
        }
    }
}
